
Microsoft Visual Studio Solution File, Format Version 12.00
# Visual Studio Version 16
VisualStudioVersion = 16.0.32002.261
MinimumVisualStudioVersion = 10.0.40219.1
Project("{FAE04EC0-301F-11D3-BF4B-00C04F79EFBC}") = "Northwind", "Northwind.csproj", "{D3EEAE97-29D5-45A2-B824-5800D5C1B4A6}"
EndProject
Project("{FAE04EC0-301F-11D3-BF4B-00C04F79EFBC}") = "Northwind.Tests", "..\Northwind.Tests\Northwind.Tests.csproj", "{33E6A553-9611-4682-BA89-12EB413DDA71}"
EndProject
Global
	GlobalSection(SolutionConfigurationPlatforms) = preSolution
		Debug|Any CPU = Debug|Any CPU
		Release|Any CPU = Release|Any CPU
	EndGlobalSection
	GlobalSection(ProjectConfigurationPlatforms) = postSolution
		{D3EEAE97-29D5-45A2-B824-5800D5C1B4A6}.Debug|Any CPU.ActiveCfg = Debug|Any CPU
		{D3EEAE97-29D5-45A2-B824-5800D5C1B4A6}.Debug|Any CPU.Build.0 = Debug|Any CPU
		{D3EEAE97-29D5-45A2-B824-5800D5C1B4A6}.Release|Any CPU.ActiveCfg = Release|Any CPU
		{D3EEAE97-29D5-45A2-B824-5800D5C1B4A6}.Release|Any CPU.Build.0 = Release|Any CPU
		{33E6A553-9611-4682-BA89-12EB413DDA71}.Debug|Any CPU.ActiveCfg = Debug|Any CPU
		{33E6A553-9611-4682-BA89-12EB413DDA71}.Debug|Any CPU.Build.0 = Debug|Any CPU
		{33E6A553-9611-4682-BA89-12EB413DDA71}.Release|Any CPU.ActiveCfg = Release|Any CPU
		{33E6A553-9611-4682-BA89-12EB413DDA71}.Release|Any CPU.Build.0 = Release|Any CPU
	EndGlobalSection
	GlobalSection(SolutionProperties) = preSolution
		HideSolutionNode = FALSE
	EndGlobalSection
	GlobalSection(ExtensibilityGlobals) = postSolution
		SolutionGuid = {139C2FEE-D30D-4A15-9150-9DBF38E066E2}
	EndGlobalSection
EndGlobal
